// !$*UTF8*$!
{
	archiveVersion = 1;
	classes = {
	};
	objectVersion = 46;
	objects = {

/* Begin PBXBuildFile section */
		1D1D98761858B5A900F0C160 /* ICONS_dark_clock.png in Resources */ = {isa = PBXBuildFile; fileRef = 1D1D98731858B5A800F0C160 /* ICONS_dark_clock.png */; };
		1D1D98771858B5A900F0C160 /* ICONS_dark_H.png in Resources */ = {isa = PBXBuildFile; fileRef = 1D1D98741858B5A800F0C160 /* ICONS_dark_H.png */; };
		1D1D98781858B5A900F0C160 /* ICONS_dark_T.png in Resources */ = {isa = PBXBuildFile; fileRef = 1D1D98751858B5A800F0C160 /* ICONS_dark_T.png */; };
		1D1D988B1858B78300F0C160 /* ICONS_dark_H@2x.png in Resources */ = {isa = PBXBuildFile; fileRef = 1D1D98891858B78300F0C160 /* ICONS_dark_H@2x.png */; };
		1D1D988C1858B78300F0C160 /* ICONS_dark_T@2x.png in Resources */ = {isa = PBXBuildFile; fileRef = 1D1D988A1858B78300F0C160 /* ICONS_dark_T@2x.png */; };
		1D40F80618578A6300A704F8 /* AboutController.m in Sources */ = {isa = PBXBuildFile; fileRef = 1D40F80418578A6300A704F8 /* AboutController.m */; };
		1D7B30C718467483006821CF /* History_white@2x.png in Resources */ = {isa = PBXBuildFile; fileRef = 1D7B30C618467483006821CF /* History_white@2x.png */; };
		1D7B30CC184675A0006821CF /* Close_white@2x.png in Resources */ = {isa = PBXBuildFile; fileRef = 1D7B30C8184675A0006821CF /* Close_white@2x.png */; };
		1D7B30CD184675A0006821CF /* Comfort_white@2x.png in Resources */ = {isa = PBXBuildFile; fileRef = 1D7B30C9184675A0006821CF /* Comfort_white@2x.png */; };
		1D7B30CE184675A0006821CF /* Dashboard_white@2x.png in Resources */ = {isa = PBXBuildFile; fileRef = 1D7B30CA184675A0006821CF /* Dashboard_white@2x.png */; };
		1D7B30CF184675A0006821CF /* Settings_white@2x.png in Resources */ = {isa = PBXBuildFile; fileRef = 1D7B30CB184675A0006821CF /* Settings_white@2x.png */; };
		1D7D195A1848C24900CC78B5 /* AxisView.m in Sources */ = {isa = PBXBuildFile; fileRef = 1D7D19511848C24900CC78B5 /* AxisView.m */; };
		1D7D195B1848C24900CC78B5 /* GraphView.m in Sources */ = {isa = PBXBuildFile; fileRef = 1D7D19531848C24900CC78B5 /* GraphView.m */; };
		1D7D195C1848C24900CC78B5 /* GridView.m in Sources */ = {isa = PBXBuildFile; fileRef = 1D7D19551848C24900CC78B5 /* GridView.m */; };
		1D7D195D1848C24900CC78B5 /* IndicatorView.m in Sources */ = {isa = PBXBuildFile; fileRef = 1D7D19571848C24900CC78B5 /* IndicatorView.m */; };
		1D7D195E1848C24900CC78B5 /* SensiButton.m in Sources */ = {isa = PBXBuildFile; fileRef = 1D7D19591848C24900CC78B5 /* SensiButton.m */; };
		1D7D19681848C34700CC78B5 /* SensirionGraphTheme.m in Sources */ = {isa = PBXBuildFile; fileRef = 1D7D19671848C34700CC78B5 /* SensirionGraphTheme.m */; };
		1D97B5941876E3270064DA89 /* Icon_Comfort_29x29.png in Resources */ = {isa = PBXBuildFile; fileRef = 1D97B5901876E3270064DA89 /* Icon_Comfort_29x29.png */; };
		1D97B5951876E3270064DA89 /* Icon_Comfort_58x58.png in Resources */ = {isa = PBXBuildFile; fileRef = 1D97B5911876E3270064DA89 /* Icon_Comfort_58x58.png */; };
		1D97B5961876E3270064DA89 /* Icon_Comfort_80x80.png in Resources */ = {isa = PBXBuildFile; fileRef = 1D97B5921876E3270064DA89 /* Icon_Comfort_80x80.png */; };
		1D97B5971876E3270064DA89 /* Icon_Comfort_120x120.png in Resources */ = {isa = PBXBuildFile; fileRef = 1D97B5931876E3270064DA89 /* Icon_Comfort_120x120.png */; };
		1DD93223185F82F500B7A030 /* ICONS_dark_clock@2x.png in Resources */ = {isa = PBXBuildFile; fileRef = 1DD93221185F82F500B7A030 /* ICONS_dark_clock@2x.png */; };
		1DD93224185F82F500B7A030 /* ICONS_dark_Dashboard.png in Resources */ = {isa = PBXBuildFile; fileRef = 1DD93222185F82F500B7A030 /* ICONS_dark_Dashboard.png */; };
		297B7038D024FDF088F47525 /* BatteryService.m in Sources */ = {isa = PBXBuildFile; fileRef = 297B76A394CC8F112AD676F0 /* BatteryService.m */; };
		297B7145F80371FAAD68A9B1 /* DeviceInfoService.m in Sources */ = {isa = PBXBuildFile; fileRef = 297B7EC7DE399E98ACAF46C2 /* DeviceInfoService.m */; };
		297B720FD4DFF2B0132593C5 /* Shtc1LoggerService.m in Sources */ = {isa = PBXBuildFile; fileRef = 297B7C428A5B08059C7B2D1D /* Shtc1LoggerService.m */; };
		297B72469E61CF9BA3411D37 /* SmartgadgetHumidityService.m in Sources */ = {isa = PBXBuildFile; fileRef = 297B72DA759F4E2CCDB54640 /* SmartgadgetHumidityService.m */; };
		297B72D940CB5C3BEB14BA8D /* BleService.m in Sources */ = {isa = PBXBuildFile; fileRef = 297B7C88443784592187C040 /* BleService.m */; };
		297B72F5FE3AE73B93996056 /* Shtc1RhtService.m in Sources */ = {isa = PBXBuildFile; fileRef = 297B71AED5BFC3193F48A5E6 /* Shtc1RhtService.m */; };
		297B76BB4DF1710574311AB0 /* SmartgadgetTemperatureService.m in Sources */ = {isa = PBXBuildFile; fileRef = 297B7AAF8813E715944539B9 /* SmartgadgetTemperatureService.m */; };
		297B7716589D9EEA0206EF6D /* Shtc1GadgetSettingsService.m in Sources */ = {isa = PBXBuildFile; fileRef = 297B71FFE9CD1BD9737FC8E9 /* Shtc1GadgetSettingsService.m */; };
		297B7BB0A5780834DC5B72D2 /* SmartgadgetHistoryService.m in Sources */ = {isa = PBXBuildFile; fileRef = 297B7D445029A6534589B380 /* SmartgadgetHistoryService.m */; };
		297B7C04C1A4AC9E169F76EE /* SensorTagHumiService.m in Sources */ = {isa = PBXBuildFile; fileRef = 297B72E0E9B4BFAB5685E990 /* SensorTagHumiService.m */; };
		4724EB421AC0486D0007DE67 /* CorePlot.framework in Frameworks */ = {isa = PBXBuildFile; fileRef = 4724EB411AC0486D0007DE67 /* CorePlot.framework */; };
		4724EB441AC048730007DE67 /* Realm.framework in Frameworks */ = {isa = PBXBuildFile; fileRef = 4724EB431AC048730007DE67 /* Realm.framework */; };
		4769E9E21A7BD96200A8FAB1 /* ICONS_dark_DP@2x.png in Resources */ = {isa = PBXBuildFile; fileRef = 4769E9DE1A7BD96200A8FAB1 /* ICONS_dark_DP@2x.png */; };
		4769E9E31A7BD96200A8FAB1 /* ICONS_dark_HI@2x.png in Resources */ = {isa = PBXBuildFile; fileRef = 4769E9DF1A7BD96200A8FAB1 /* ICONS_dark_HI@2x.png */; };
		4769E9E41A7BD96200A8FAB1 /* ICONS_dark_DP.png in Resources */ = {isa = PBXBuildFile; fileRef = 4769E9E01A7BD96200A8FAB1 /* ICONS_dark_DP.png */; };
		4769E9E51A7BD96200A8FAB1 /* ICONS_dark_HI.png in Resources */ = {isa = PBXBuildFile; fileRef = 4769E9E11A7BD96200A8FAB1 /* ICONS_dark_HI.png */; };
		47C583FE1AC413CF00649783 /* MBProgressHUD.framework in Frameworks */ = {isa = PBXBuildFile; fileRef = 47C583FD1AC413CF00649783 /* MBProgressHUD.framework */; };
		4824EB571608BA6100C866B9 /* CoreBluetooth.framework in Frameworks */ = {isa = PBXBuildFile; fileRef = 4824EB561608BA6100C866B9 /* CoreBluetooth.framework */; settings = {ATTRIBUTES = (Required, ); }; };
		4824EB651609BD3900C866B9 /* QuartzCore.framework in Frameworks */ = {isa = PBXBuildFile; fileRef = 4824EB641609BD3900C866B9 /* QuartzCore.framework */; };
		4824EB84160B035300C866B9 /* AppDelegate.m in Sources */ = {isa = PBXBuildFile; fileRef = 4824EB71160B035300C866B9 /* AppDelegate.m */; };
		4824EB86160B035300C866B9 /* InfoPlist.strings in Resources */ = {isa = PBXBuildFile; fileRef = 4824EB75160B035300C866B9 /* InfoPlist.strings */; };
		4824EB91160B050E00C866B9 /* main.m in Sources */ = {isa = PBXBuildFile; fileRef = 4824EB90160B050E00C866B9 /* main.m */; };
		484723D11611D4E900BB1CAD /* BLEConnector.m in Sources */ = {isa = PBXBuildFile; fileRef = 484723D01611D4E900BB1CAD /* BLEConnector.m */; };
		484723E61614563700BB1CAD /* BLEUtil.m in Sources */ = {isa = PBXBuildFile; fileRef = 484723E51614563700BB1CAD /* BLEUtil.m */; };
		486540CA169C0F9B00925225 /* Default-568h@2x.png in Resources */ = {isa = PBXBuildFile; fileRef = 486540C9169C0F9B00925225 /* Default-568h@2x.png */; };
		486DCBF616075134009B1207 /* UIKit.framework in Frameworks */ = {isa = PBXBuildFile; fileRef = 486DCBF516075134009B1207 /* UIKit.framework */; };
		486DCBF816075134009B1207 /* Foundation.framework in Frameworks */ = {isa = PBXBuildFile; fileRef = 486DCBF716075134009B1207 /* Foundation.framework */; };
		486DCBFA16075134009B1207 /* CoreGraphics.framework in Frameworks */ = {isa = PBXBuildFile; fileRef = 486DCBF916075134009B1207 /* CoreGraphics.framework */; };
		48B9532C1626BE70006F0E45 /* Icon_Comfort_57x57.png in Resources */ = {isa = PBXBuildFile; fileRef = 48B9532A1626BE70006F0E45 /* Icon_Comfort_57x57.png */; };
		48B9532D1626BE70006F0E45 /* Icon_Comfort_114x114.png in Resources */ = {isa = PBXBuildFile; fileRef = 48B9532B1626BE70006F0E45 /* Icon_Comfort_114x114.png */; };
		48B953441626EC0E006F0E45 /* Default.png in Resources */ = {isa = PBXBuildFile; fileRef = 48B953411626EC0E006F0E45 /* Default.png */; };
		48B953461626EC0E006F0E45 /* Default@2x.png in Resources */ = {isa = PBXBuildFile; fileRef = 48B953431626EC0E006F0E45 /* Default@2x.png */; };
		826CC6FCDAC1B467FB0A9943 /* Pods_smartgadgetapp.framework in Frameworks */ = {isa = PBXBuildFile; fileRef = 448983B56F6CBAED810FA66D /* Pods_smartgadgetapp.framework */; settings = {ATTRIBUTES = (Weak, ); }; };
		8706877E172EB6AF00637267 /* GadgetData.m in Sources */ = {isa = PBXBuildFile; fileRef = 8706877D172EB6AF00637267 /* GadgetData.m */; };
		87068781172EB6BF00637267 /* MeasurementDataPoint.m in Sources */ = {isa = PBXBuildFile; fileRef = 87068780172EB6BF00637267 /* MeasurementDataPoint.m */; };
		870687871738DE1C00637267 /* SensiTabBarController.m in Sources */ = {isa = PBXBuildFile; fileRef = 870687861738DE1C00637267 /* SensiTabBarController.m */; };
		8706879F1738FE4F00637267 /* Time_white@2x.png in Resources */ = {isa = PBXBuildFile; fileRef = 870687931738FE4F00637267 /* Time_white@2x.png */; };
		870687A21739412900637267 /* DefineSettingsViewController.m in Sources */ = {isa = PBXBuildFile; fileRef = 870687A11739412800637267 /* DefineSettingsViewController.m */; };
		870687AB173D047D00637267 /* Temperature_white@2x.png in Resources */ = {isa = PBXBuildFile; fileRef = 870687A9173D047C00637267 /* Temperature_white@2x.png */; };
		870687AC173D047D00637267 /* Humidity_white@2x.png in Resources */ = {isa = PBXBuildFile; fileRef = 870687AA173D047C00637267 /* Humidity_white@2x.png */; };
		870687AF173D0F1D00637267 /* AmbientViewController.m in Sources */ = {isa = PBXBuildFile; fileRef = 870687AE173D0F1B00637267 /* AmbientViewController.m */; };
		872760C9189A8804003076E6 /* Accelerate.framework in Frameworks */ = {isa = PBXBuildFile; fileRef = 872760C8189A8804003076E6 /* Accelerate.framework */; };
		873CA07A170C536E0043854E /* BLEServiceProperty.m in Sources */ = {isa = PBXBuildFile; fileRef = 873CA078170C536E0043854E /* BLEServiceProperty.m */; };
		8777AC3D171FE1EE002B9DFB /* comfortguide_background@2x.png in Resources */ = {isa = PBXBuildFile; fileRef = 8777AC3C171FE1EE002B9DFB /* comfortguide_background@2x.png */; };
		8777AC441721498C002B9DFB /* grid_background.png in Resources */ = {isa = PBXBuildFile; fileRef = 8777AC431721498C002B9DFB /* grid_background.png */; };
		8777AC4617218816002B9DFB /* SensirionSimple.ttf in Resources */ = {isa = PBXBuildFile; fileRef = 8777AC4517218816002B9DFB /* SensirionSimple.ttf */; };
		87A0DE5716F80B1A005C7BFC /* BLEGadget.m in Sources */ = {isa = PBXBuildFile; fileRef = 87A0DE5616F80B1A005C7BFC /* BLEGadget.m */; };
		87A95616171EF8F20091D77F /* ComfortZoneViewController.m in Sources */ = {isa = PBXBuildFile; fileRef = 87A95615171EF8F20091D77F /* ComfortZoneViewController.m */; };
		87B1707318881B8B009ECAAF /* RHTPoint.m in Sources */ = {isa = PBXBuildFile; fileRef = 87B1707218881B8B009ECAAF /* RHTPoint.m */; };
		87B1707618891970009ECAAF /* SensirionDefaultTheme.m in Sources */ = {isa = PBXBuildFile; fileRef = 87B1707518891970009ECAAF /* SensirionDefaultTheme.m */; };
		87B17079188923AD009ECAAF /* Settings.m in Sources */ = {isa = PBXBuildFile; fileRef = 87B17078188923AD009ECAAF /* Settings.m */; };
		87B17083188960C5009ECAAF /* ConfigurationDataSource.m in Sources */ = {isa = PBXBuildFile; fileRef = 87B17082188960C5009ECAAF /* ConfigurationDataSource.m */; };
		87B1708C188EA020009ECAAF /* PickyTextField.m in Sources */ = {isa = PBXBuildFile; fileRef = 87B1708B188EA020009ECAAF /* PickyTextField.m */; };
		87BC24F316E78F0700E125CE /* GadgetDetailsViewController.m in Sources */ = {isa = PBXBuildFile; fileRef = 87BC24F216E78F0700E125CE /* GadgetDetailsViewController.m */; };
		87BC24F616E792B700E125CE /* GadgetSelectViewController.m in Sources */ = {isa = PBXBuildFile; fileRef = 87BC24F516E792B700E125CE /* GadgetSelectViewController.m */; };
		87C52274172590D7005663CB /* SettingsViewController.m in Sources */ = {isa = PBXBuildFile; fileRef = 87C52273172590D7005663CB /* SettingsViewController.m */; };
		87C522771727B9FC005663CB /* SensibleStoryboard.storyboard in Resources */ = {isa = PBXBuildFile; fileRef = 87C522751727B9FC005663CB /* SensibleStoryboard.storyboard */; };
		87C5227D172A6310005663CB /* CoreData.framework in Frameworks */ = {isa = PBXBuildFile; fileRef = 87C5227C172A6310005663CB /* CoreData.framework */; };
		87C52280172A637C005663CB /* sensible.xcdatamodeld in Sources */ = {isa = PBXBuildFile; fileRef = 87C5227E172A637C005663CB /* sensible.xcdatamodeld */; };
		87C5228D172A9A6E005663CB /* GadgetDataRepository.m in Sources */ = {isa = PBXBuildFile; fileRef = 87C5228C172A9A6E005663CB /* GadgetDataRepository.m */; };
		87D0E40716F2AF2F00C2BDD1 /* AlertViewController.m in Sources */ = {isa = PBXBuildFile; fileRef = 87D0E40616F2AF2F00C2BDD1 /* AlertViewController.m */; };
		87DE7A8E1767667C008E814B /* comfortguide_background.png in Resources */ = {isa = PBXBuildFile; fileRef = 87DE7A8D1767667C008E814B /* comfortguide_background.png */; };
		87DE7B87176B2D5A008E814B /* LogDataSelectViewController.m in Sources */ = {isa = PBXBuildFile; fileRef = 87DE7B86176B2D59008E814B /* LogDataSelectViewController.m */; };
		87EAD553171C66D2004B4B44 /* LogDataViewController.m in Sources */ = {isa = PBXBuildFile; fileRef = 87EAD552171C66D2004B4B44 /* LogDataViewController.m */; };
		87EAD558171DB39B004B4B44 /* connection_1.png in Resources */ = {isa = PBXBuildFile; fileRef = 87EAD554171DB39B004B4B44 /* connection_1.png */; };
		87EAD559171DB39B004B4B44 /* connection_2.png in Resources */ = {isa = PBXBuildFile; fileRef = 87EAD555171DB39B004B4B44 /* connection_2.png */; };
		87EAD55A171DB39B004B4B44 /* connection_3.png in Resources */ = {isa = PBXBuildFile; fileRef = 87EAD556171DB39B004B4B44 /* connection_3.png */; };
		87EAD55B171DB39B004B4B44 /* connection_4.png in Resources */ = {isa = PBXBuildFile; fileRef = 87EAD557171DB39B004B4B44 /* connection_4.png */; };
/* End PBXBuildFile section */

/* Begin PBXFileReference section */
		1D1D98731858B5A800F0C160 /* ICONS_dark_clock.png */ = {isa = PBXFileReference; lastKnownFileType = image.png; path = ICONS_dark_clock.png; sourceTree = "<group>"; };
		1D1D98741858B5A800F0C160 /* ICONS_dark_H.png */ = {isa = PBXFileReference; lastKnownFileType = image.png; path = ICONS_dark_H.png; sourceTree = "<group>"; };
		1D1D98751858B5A800F0C160 /* ICONS_dark_T.png */ = {isa = PBXFileReference; lastKnownFileType = image.png; path = ICONS_dark_T.png; sourceTree = "<group>"; };
		1D1D98891858B78300F0C160 /* ICONS_dark_H@2x.png */ = {isa = PBXFileReference; lastKnownFileType = image.png; path = "ICONS_dark_H@2x.png"; sourceTree = "<group>"; };
		1D1D988A1858B78300F0C160 /* ICONS_dark_T@2x.png */ = {isa = PBXFileReference; lastKnownFileType = image.png; path = "ICONS_dark_T@2x.png"; sourceTree = "<group>"; };
		1D1D988D1858CE3E00F0C160 /* strings.h */ = {isa = PBXFileReference; lastKnownFileType = sourcecode.c.h; path = strings.h; sourceTree = "<group>"; };
		1D40F80318578A6300A704F8 /* AboutController.h */ = {isa = PBXFileReference; fileEncoding = 4; lastKnownFileType = sourcecode.c.h; path = AboutController.h; sourceTree = "<group>"; };
		1D40F80418578A6300A704F8 /* AboutController.m */ = {isa = PBXFileReference; fileEncoding = 4; lastKnownFileType = sourcecode.c.objc; lineEnding = 0; path = AboutController.m; sourceTree = "<group>"; xcLanguageSpecificationIdentifier = xcode.lang.objc; };
		1D7B30C618467483006821CF /* History_white@2x.png */ = {isa = PBXFileReference; lastKnownFileType = image.png; path = "History_white@2x.png"; sourceTree = "<group>"; };
		1D7B30C8184675A0006821CF /* Close_white@2x.png */ = {isa = PBXFileReference; lastKnownFileType = image.png; path = "Close_white@2x.png"; sourceTree = "<group>"; };
		1D7B30C9184675A0006821CF /* Comfort_white@2x.png */ = {isa = PBXFileReference; lastKnownFileType = image.png; path = "Comfort_white@2x.png"; sourceTree = "<group>"; };
		1D7B30CA184675A0006821CF /* Dashboard_white@2x.png */ = {isa = PBXFileReference; lastKnownFileType = image.png; path = "Dashboard_white@2x.png"; sourceTree = "<group>"; };
		1D7B30CB184675A0006821CF /* Settings_white@2x.png */ = {isa = PBXFileReference; lastKnownFileType = image.png; path = "Settings_white@2x.png"; sourceTree = "<group>"; };
		1D7D19501848C24900CC78B5 /* AxisView.h */ = {isa = PBXFileReference; fileEncoding = 4; lastKnownFileType = sourcecode.c.h; path = AxisView.h; sourceTree = "<group>"; };
		1D7D19511848C24900CC78B5 /* AxisView.m */ = {isa = PBXFileReference; fileEncoding = 4; lastKnownFileType = sourcecode.c.objc; lineEnding = 0; path = AxisView.m; sourceTree = "<group>"; xcLanguageSpecificationIdentifier = xcode.lang.objc; };
		1D7D19521848C24900CC78B5 /* GraphView.h */ = {isa = PBXFileReference; fileEncoding = 4; lastKnownFileType = sourcecode.c.h; path = GraphView.h; sourceTree = "<group>"; };
		1D7D19531848C24900CC78B5 /* GraphView.m */ = {isa = PBXFileReference; fileEncoding = 4; lastKnownFileType = sourcecode.c.objc; lineEnding = 0; path = GraphView.m; sourceTree = "<group>"; xcLanguageSpecificationIdentifier = xcode.lang.objc; };
		1D7D19541848C24900CC78B5 /* GridView.h */ = {isa = PBXFileReference; fileEncoding = 4; lastKnownFileType = sourcecode.c.h; path = GridView.h; sourceTree = "<group>"; };
		1D7D19551848C24900CC78B5 /* GridView.m */ = {isa = PBXFileReference; fileEncoding = 4; lastKnownFileType = sourcecode.c.objc; path = GridView.m; sourceTree = "<group>"; };
		1D7D19561848C24900CC78B5 /* IndicatorView.h */ = {isa = PBXFileReference; fileEncoding = 4; lastKnownFileType = sourcecode.c.h; path = IndicatorView.h; sourceTree = "<group>"; };
		1D7D19571848C24900CC78B5 /* IndicatorView.m */ = {isa = PBXFileReference; fileEncoding = 4; lastKnownFileType = sourcecode.c.objc; path = IndicatorView.m; sourceTree = "<group>"; };
		1D7D19581848C24900CC78B5 /* SensiButton.h */ = {isa = PBXFileReference; fileEncoding = 4; lastKnownFileType = sourcecode.c.h; path = SensiButton.h; sourceTree = "<group>"; };
		1D7D19591848C24900CC78B5 /* SensiButton.m */ = {isa = PBXFileReference; fileEncoding = 4; lastKnownFileType = sourcecode.c.objc; path = SensiButton.m; sourceTree = "<group>"; };
		1D7D19661848C34700CC78B5 /* SensirionGraphTheme.h */ = {isa = PBXFileReference; fileEncoding = 4; lastKnownFileType = sourcecode.c.h; path = SensirionGraphTheme.h; sourceTree = "<group>"; };
		1D7D19671848C34700CC78B5 /* SensirionGraphTheme.m */ = {isa = PBXFileReference; fileEncoding = 4; lastKnownFileType = sourcecode.c.objc; path = SensirionGraphTheme.m; sourceTree = "<group>"; };
		1D97B5901876E3270064DA89 /* Icon_Comfort_29x29.png */ = {isa = PBXFileReference; lastKnownFileType = image.png; path = Icon_Comfort_29x29.png; sourceTree = "<group>"; };
		1D97B5911876E3270064DA89 /* Icon_Comfort_58x58.png */ = {isa = PBXFileReference; lastKnownFileType = image.png; path = Icon_Comfort_58x58.png; sourceTree = "<group>"; };
		1D97B5921876E3270064DA89 /* Icon_Comfort_80x80.png */ = {isa = PBXFileReference; lastKnownFileType = image.png; path = Icon_Comfort_80x80.png; sourceTree = "<group>"; };
		1D97B5931876E3270064DA89 /* Icon_Comfort_120x120.png */ = {isa = PBXFileReference; lastKnownFileType = image.png; path = Icon_Comfort_120x120.png; sourceTree = "<group>"; };
		1DD93221185F82F500B7A030 /* ICONS_dark_clock@2x.png */ = {isa = PBXFileReference; lastKnownFileType = image.png; path = "ICONS_dark_clock@2x.png"; sourceTree = "<group>"; };
		1DD93222185F82F500B7A030 /* ICONS_dark_Dashboard.png */ = {isa = PBXFileReference; lastKnownFileType = image.png; path = ICONS_dark_Dashboard.png; sourceTree = "<group>"; };
		297B712AD472301902B55BAE /* DeviceInfoService.h */ = {isa = PBXFileReference; fileEncoding = 4; lastKnownFileType = sourcecode.c.h; path = DeviceInfoService.h; sourceTree = "<group>"; };
		297B713CBFFFA274C34E4384 /* SmartgadgetHistoryService.h */ = {isa = PBXFileReference; fileEncoding = 4; lastKnownFileType = sourcecode.c.h; path = SmartgadgetHistoryService.h; sourceTree = "<group>"; };
		297B71AED5BFC3193F48A5E6 /* Shtc1RhtService.m */ = {isa = PBXFileReference; fileEncoding = 4; lastKnownFileType = sourcecode.c.objc; path = Shtc1RhtService.m; sourceTree = "<group>"; };
		297B71FFE9CD1BD9737FC8E9 /* Shtc1GadgetSettingsService.m */ = {isa = PBXFileReference; fileEncoding = 4; lastKnownFileType = sourcecode.c.objc; path = Shtc1GadgetSettingsService.m; sourceTree = "<group>"; };
		297B7206496A7374BB75A9FF /* Shtc1LoggerService.h */ = {isa = PBXFileReference; fileEncoding = 4; lastKnownFileType = sourcecode.c.h; path = Shtc1LoggerService.h; sourceTree = "<group>"; };
		297B7255A3612E9363428BA8 /* Shtc1GadgetSettingsService.h */ = {isa = PBXFileReference; fileEncoding = 4; lastKnownFileType = sourcecode.c.h; path = Shtc1GadgetSettingsService.h; sourceTree = "<group>"; };
		297B72DA759F4E2CCDB54640 /* SmartgadgetHumidityService.m */ = {isa = PBXFileReference; fileEncoding = 4; lastKnownFileType = sourcecode.c.objc; path = SmartgadgetHumidityService.m; sourceTree = "<group>"; };
		297B72E0E9B4BFAB5685E990 /* SensorTagHumiService.m */ = {isa = PBXFileReference; fileEncoding = 4; lastKnownFileType = sourcecode.c.objc; path = SensorTagHumiService.m; sourceTree = "<group>"; };
		297B72E3C5945E6F24DB9F6C /* BatteryService.h */ = {isa = PBXFileReference; fileEncoding = 4; lastKnownFileType = sourcecode.c.h; path = BatteryService.h; sourceTree = "<group>"; };
		297B72E70A3FD2309BB3CEC0 /* BleService.h */ = {isa = PBXFileReference; fileEncoding = 4; lastKnownFileType = sourcecode.c.h; path = BleService.h; sourceTree = "<group>"; };
		297B76A394CC8F112AD676F0 /* BatteryService.m */ = {isa = PBXFileReference; fileEncoding = 4; lastKnownFileType = sourcecode.c.objc; path = BatteryService.m; sourceTree = "<group>"; };
		297B7AAF8813E715944539B9 /* SmartgadgetTemperatureService.m */ = {isa = PBXFileReference; fileEncoding = 4; lastKnownFileType = sourcecode.c.objc; path = SmartgadgetTemperatureService.m; sourceTree = "<group>"; };
		297B7ADAFE3CAD8E7EFDCBFF /* SmartgadgetHumiService.h */ = {isa = PBXFileReference; fileEncoding = 4; lastKnownFileType = sourcecode.c.h; path = SmartgadgetHumiService.h; sourceTree = "<group>"; };
		297B7B32740F2252A4D98158 /* SensorTagHumiService.h */ = {isa = PBXFileReference; fileEncoding = 4; lastKnownFileType = sourcecode.c.h; path = SensorTagHumiService.h; sourceTree = "<group>"; };
		297B7BE73835C39F1458489A /* SmartgadgetHumidityService.h */ = {isa = PBXFileReference; fileEncoding = 4; lastKnownFileType = sourcecode.c.h; path = SmartgadgetHumidityService.h; sourceTree = "<group>"; };
		297B7C428A5B08059C7B2D1D /* Shtc1LoggerService.m */ = {isa = PBXFileReference; fileEncoding = 4; lastKnownFileType = sourcecode.c.objc; path = Shtc1LoggerService.m; sourceTree = "<group>"; };
		297B7C653E76EA600320223D /* SmartgadgetTemperatureService.h */ = {isa = PBXFileReference; fileEncoding = 4; lastKnownFileType = sourcecode.c.h; path = SmartgadgetTemperatureService.h; sourceTree = "<group>"; };
		297B7C88443784592187C040 /* BleService.m */ = {isa = PBXFileReference; fileEncoding = 4; lastKnownFileType = sourcecode.c.objc; path = BleService.m; sourceTree = "<group>"; };
		297B7D445029A6534589B380 /* SmartgadgetHistoryService.m */ = {isa = PBXFileReference; fileEncoding = 4; lastKnownFileType = sourcecode.c.objc; path = SmartgadgetHistoryService.m; sourceTree = "<group>"; };
		297B7E26BD76441304215DCE /* LogService.h */ = {isa = PBXFileReference; fileEncoding = 4; lastKnownFileType = sourcecode.c.h; path = LogService.h; sourceTree = "<group>"; };
		297B7E8CCB515B99FADFEA19 /* LogServiceDelegate.h */ = {isa = PBXFileReference; fileEncoding = 4; lastKnownFileType = sourcecode.c.h; path = LogServiceDelegate.h; sourceTree = "<group>"; };
		297B7EC7DE399E98ACAF46C2 /* DeviceInfoService.m */ = {isa = PBXFileReference; fileEncoding = 4; lastKnownFileType = sourcecode.c.objc; path = DeviceInfoService.m; sourceTree = "<group>"; };
		297B7EFF2455C0CB384078A2 /* HumiService.h */ = {isa = PBXFileReference; fileEncoding = 4; lastKnownFileType = sourcecode.c.h; path = HumiService.h; sourceTree = "<group>"; };
		297B7F1C50E981060644D888 /* Shtc1RhtService.h */ = {isa = PBXFileReference; fileEncoding = 4; lastKnownFileType = sourcecode.c.h; path = Shtc1RhtService.h; sourceTree = "<group>"; };
		448983B56F6CBAED810FA66D /* Pods_smartgadgetapp.framework */ = {isa = PBXFileReference; explicitFileType = wrapper.framework; includeInIndex = 0; path = Pods_smartgadgetapp.framework; sourceTree = BUILT_PRODUCTS_DIR; };
		4712DD511AB9A57B00BD22F7 /* libPods-smartgadgetapp-CorePlot.a */ = {isa = PBXFileReference; lastKnownFileType = archive.ar; name = "libPods-smartgadgetapp-CorePlot.a"; path = "Pods/../build/Debug-iphoneos/libPods-smartgadgetapp-CorePlot.a"; sourceTree = "<group>"; };
		4712DD531AB9A58E00BD22F7 /* libPods-smartgadgetapp.a */ = {isa = PBXFileReference; lastKnownFileType = archive.ar; name = "libPods-smartgadgetapp.a"; path = "Pods/../build/Debug-iphoneos/libPods-smartgadgetapp.a"; sourceTree = "<group>"; };
		4720D9E01AC036A000E655DE /* libPods-smartgadgetapp-Realm.a */ = {isa = PBXFileReference; lastKnownFileType = archive.ar; name = "libPods-smartgadgetapp-Realm.a"; path = "Pods/../build/Debug-iphoneos/libPods-smartgadgetapp-Realm.a"; sourceTree = "<group>"; };
		4724EB411AC0486D0007DE67 /* CorePlot.framework */ = {isa = PBXFileReference; lastKnownFileType = wrapper.framework; name = CorePlot.framework; path = "Pods/../build/Debug-iphoneos/Pods-smartgadgetapp/CorePlot.framework"; sourceTree = "<group>"; };
		4724EB431AC048730007DE67 /* Realm.framework */ = {isa = PBXFileReference; lastKnownFileType = wrapper.framework; name = Realm.framework; path = "Pods/../build/Debug-iphoneos/Pods-smartgadgetapp/Realm.framework"; sourceTree = "<group>"; };
		4769E9DE1A7BD96200A8FAB1 /* ICONS_dark_DP@2x.png */ = {isa = PBXFileReference; lastKnownFileType = image.png; path = "ICONS_dark_DP@2x.png"; sourceTree = "<group>"; };
		4769E9DF1A7BD96200A8FAB1 /* ICONS_dark_HI@2x.png */ = {isa = PBXFileReference; lastKnownFileType = image.png; path = "ICONS_dark_HI@2x.png"; sourceTree = "<group>"; };
		4769E9E01A7BD96200A8FAB1 /* ICONS_dark_DP.png */ = {isa = PBXFileReference; lastKnownFileType = image.png; path = ICONS_dark_DP.png; sourceTree = "<group>"; };
		4769E9E11A7BD96200A8FAB1 /* ICONS_dark_HI.png */ = {isa = PBXFileReference; lastKnownFileType = image.png; path = ICONS_dark_HI.png; sourceTree = "<group>"; };
		47C583FD1AC413CF00649783 /* MBProgressHUD.framework */ = {isa = PBXFileReference; lastKnownFileType = wrapper.framework; name = MBProgressHUD.framework; path = "Pods/../build/Debug-iphoneos/Pods-smartgadgetapp/MBProgressHUD.framework"; sourceTree = "<group>"; };
		4824EB561608BA6100C866B9 /* CoreBluetooth.framework */ = {isa = PBXFileReference; lastKnownFileType = wrapper.framework; name = CoreBluetooth.framework; path = System/Library/Frameworks/CoreBluetooth.framework; sourceTree = SDKROOT; };
		4824EB641609BD3900C866B9 /* QuartzCore.framework */ = {isa = PBXFileReference; lastKnownFileType = wrapper.framework; name = QuartzCore.framework; path = System/Library/Frameworks/QuartzCore.framework; sourceTree = SDKROOT; };
		4824EB70160B035300C866B9 /* AppDelegate.h */ = {isa = PBXFileReference; fileEncoding = 4; lastKnownFileType = sourcecode.c.h; path = AppDelegate.h; sourceTree = "<group>"; };
		4824EB71160B035300C866B9 /* AppDelegate.m */ = {isa = PBXFileReference; fileEncoding = 4; lastKnownFileType = sourcecode.c.objc; lineEnding = 0; path = AppDelegate.m; sourceTree = "<group>"; xcLanguageSpecificationIdentifier = xcode.lang.objc; };
		4824EB76160B035300C866B9 /* en */ = {isa = PBXFileReference; lastKnownFileType = text.plist.strings; name = en; path = en.lproj/InfoPlist.strings; sourceTree = "<group>"; };
		4824EB90160B050E00C866B9 /* main.m */ = {isa = PBXFileReference; fileEncoding = 4; lastKnownFileType = sourcecode.c.objc; path = main.m; sourceTree = "<group>"; };
		4824EB92160B054800C866B9 /* smartgadgetapp-Info.plist */ = {isa = PBXFileReference; fileEncoding = 4; lastKnownFileType = text.plist.xml; path = "smartgadgetapp-Info.plist"; sourceTree = "<group>"; };
		4824EB93160B054800C866B9 /* smartgadgetapp-Prefix.pch */ = {isa = PBXFileReference; fileEncoding = 4; lastKnownFileType = sourcecode.c.h; path = "smartgadgetapp-Prefix.pch"; sourceTree = "<group>"; };
		484723CF1611D4E900BB1CAD /* BLEConnector.h */ = {isa = PBXFileReference; fileEncoding = 4; lastKnownFileType = sourcecode.c.h; lineEnding = 0; path = BLEConnector.h; sourceTree = "<group>"; xcLanguageSpecificationIdentifier = xcode.lang.objcpp; };
		484723D01611D4E900BB1CAD /* BLEConnector.m */ = {isa = PBXFileReference; fileEncoding = 4; lastKnownFileType = sourcecode.c.objc; lineEnding = 0; path = BLEConnector.m; sourceTree = "<group>"; xcLanguageSpecificationIdentifier = xcode.lang.objc; };
		484723E41614563700BB1CAD /* BLEUtil.h */ = {isa = PBXFileReference; fileEncoding = 4; lastKnownFileType = sourcecode.c.h; path = BLEUtil.h; sourceTree = "<group>"; };
		484723E51614563700BB1CAD /* BLEUtil.m */ = {isa = PBXFileReference; fileEncoding = 4; lastKnownFileType = sourcecode.c.objc; lineEnding = 0; path = BLEUtil.m; sourceTree = "<group>"; xcLanguageSpecificationIdentifier = xcode.lang.objc; };
		486540C9169C0F9B00925225 /* Default-568h@2x.png */ = {isa = PBXFileReference; lastKnownFileType = image.png; path = "Default-568h@2x.png"; sourceTree = "<group>"; };
		486DCBF116075134009B1207 /* smartgadgetapp.app */ = {isa = PBXFileReference; explicitFileType = wrapper.application; includeInIndex = 0; path = smartgadgetapp.app; sourceTree = BUILT_PRODUCTS_DIR; };
		486DCBF516075134009B1207 /* UIKit.framework */ = {isa = PBXFileReference; lastKnownFileType = wrapper.framework; name = UIKit.framework; path = System/Library/Frameworks/UIKit.framework; sourceTree = SDKROOT; };
		486DCBF716075134009B1207 /* Foundation.framework */ = {isa = PBXFileReference; lastKnownFileType = wrapper.framework; name = Foundation.framework; path = System/Library/Frameworks/Foundation.framework; sourceTree = SDKROOT; };
		486DCBF916075134009B1207 /* CoreGraphics.framework */ = {isa = PBXFileReference; lastKnownFileType = wrapper.framework; name = CoreGraphics.framework; path = System/Library/Frameworks/CoreGraphics.framework; sourceTree = SDKROOT; };
		486DCC1616075134009B1207 /* SenTestingKit.framework */ = {isa = PBXFileReference; lastKnownFileType = wrapper.framework; name = SenTestingKit.framework; path = Library/Frameworks/SenTestingKit.framework; sourceTree = DEVELOPER_DIR; };
		48B9532A1626BE70006F0E45 /* Icon_Comfort_57x57.png */ = {isa = PBXFileReference; lastKnownFileType = image.png; path = Icon_Comfort_57x57.png; sourceTree = "<group>"; };
		48B9532B1626BE70006F0E45 /* Icon_Comfort_114x114.png */ = {isa = PBXFileReference; lastKnownFileType = image.png; path = Icon_Comfort_114x114.png; sourceTree = "<group>"; };
		48B953411626EC0E006F0E45 /* Default.png */ = {isa = PBXFileReference; lastKnownFileType = image.png; path = Default.png; sourceTree = "<group>"; };
		48B953431626EC0E006F0E45 /* Default@2x.png */ = {isa = PBXFileReference; lastKnownFileType = image.png; path = "Default@2x.png"; sourceTree = "<group>"; };
		8706877C172EB6AF00637267 /* GadgetData.h */ = {isa = PBXFileReference; fileEncoding = 4; lastKnownFileType = sourcecode.c.h; name = GadgetData.h; path = Classes/Persistence/GadgetData.h; sourceTree = SOURCE_ROOT; };
		8706877D172EB6AF00637267 /* GadgetData.m */ = {isa = PBXFileReference; fileEncoding = 4; lastKnownFileType = sourcecode.c.objc; name = GadgetData.m; path = Classes/Persistence/GadgetData.m; sourceTree = SOURCE_ROOT; };
		8706877F172EB6BF00637267 /* MeasurementDataPoint.h */ = {isa = PBXFileReference; fileEncoding = 4; lastKnownFileType = sourcecode.c.h; name = MeasurementDataPoint.h; path = Classes/Persistence/MeasurementDataPoint.h; sourceTree = SOURCE_ROOT; };
		87068780172EB6BF00637267 /* MeasurementDataPoint.m */ = {isa = PBXFileReference; fileEncoding = 4; lastKnownFileType = sourcecode.c.objc; name = MeasurementDataPoint.m; path = Classes/Persistence/MeasurementDataPoint.m; sourceTree = SOURCE_ROOT; };
		870687851738DE1C00637267 /* SensiTabBarController.h */ = {isa = PBXFileReference; fileEncoding = 4; lastKnownFileType = sourcecode.c.h; path = SensiTabBarController.h; sourceTree = "<group>"; };
		870687861738DE1C00637267 /* SensiTabBarController.m */ = {isa = PBXFileReference; fileEncoding = 4; lastKnownFileType = sourcecode.c.objc; path = SensiTabBarController.m; sourceTree = "<group>"; };
		870687931738FE4F00637267 /* Time_white@2x.png */ = {isa = PBXFileReference; lastKnownFileType = image.png; path = "Time_white@2x.png"; sourceTree = "<group>"; };
		870687A01739412700637267 /* DefineSettingsViewController.h */ = {isa = PBXFileReference; fileEncoding = 4; lastKnownFileType = sourcecode.c.h; path = DefineSettingsViewController.h; sourceTree = "<group>"; };
		870687A11739412800637267 /* DefineSettingsViewController.m */ = {isa = PBXFileReference; fileEncoding = 4; lastKnownFileType = sourcecode.c.objc; path = DefineSettingsViewController.m; sourceTree = "<group>"; };
		870687A9173D047C00637267 /* Temperature_white@2x.png */ = {isa = PBXFileReference; lastKnownFileType = image.png; path = "Temperature_white@2x.png"; sourceTree = "<group>"; };
		870687AA173D047C00637267 /* Humidity_white@2x.png */ = {isa = PBXFileReference; lastKnownFileType = image.png; path = "Humidity_white@2x.png"; sourceTree = "<group>"; };
		870687AD173D0F1A00637267 /* AmbientViewController.h */ = {isa = PBXFileReference; fileEncoding = 4; lastKnownFileType = sourcecode.c.h; path = AmbientViewController.h; sourceTree = "<group>"; };
		870687AE173D0F1B00637267 /* AmbientViewController.m */ = {isa = PBXFileReference; fileEncoding = 4; lastKnownFileType = sourcecode.c.objc; lineEnding = 0; path = AmbientViewController.m; sourceTree = "<group>"; xcLanguageSpecificationIdentifier = xcode.lang.objc; };
		872760C8189A8804003076E6 /* Accelerate.framework */ = {isa = PBXFileReference; lastKnownFileType = wrapper.framework; name = Accelerate.framework; path = System/Library/Frameworks/Accelerate.framework; sourceTree = SDKROOT; };
		873CA078170C536E0043854E /* BLEServiceProperty.m */ = {isa = PBXFileReference; fileEncoding = 4; lastKnownFileType = sourcecode.c.objc; lineEnding = 0; name = BLEServiceProperty.m; path = Properties/BLEServiceProperty.m; sourceTree = "<group>"; xcLanguageSpecificationIdentifier = xcode.lang.objc; };
		873CA079170C536E0043854E /* BLEServiceProperty.h */ = {isa = PBXFileReference; fileEncoding = 4; lastKnownFileType = sourcecode.c.h; name = BLEServiceProperty.h; path = Properties/BLEServiceProperty.h; sourceTree = "<group>"; };
		873CA07C170C74DE0043854E /* BLEProperty.h */ = {isa = PBXFileReference; lastKnownFileType = sourcecode.c.h; name = BLEProperty.h; path = Properties/BLEProperty.h; sourceTree = "<group>"; };
		873CA08617140DFA0043854E /* GadgetNotificationDelegate.h */ = {isa = PBXFileReference; fileEncoding = 4; lastKnownFileType = sourcecode.c.h; path = GadgetNotificationDelegate.h; sourceTree = "<group>"; };
		8777AC3C171FE1EE002B9DFB /* comfortguide_background@2x.png */ = {isa = PBXFileReference; lastKnownFileType = image.png; path = "comfortguide_background@2x.png"; sourceTree = "<group>"; };
		8777AC431721498C002B9DFB /* grid_background.png */ = {isa = PBXFileReference; lastKnownFileType = image.png; path = grid_background.png; sourceTree = "<group>"; };
		8777AC4517218816002B9DFB /* SensirionSimple.ttf */ = {isa = PBXFileReference; lastKnownFileType = file; path = SensirionSimple.ttf; sourceTree = "<group>"; };
		87A0DE5516F80B1A005C7BFC /* BLEGadget.h */ = {isa = PBXFileReference; fileEncoding = 4; lastKnownFileType = sourcecode.c.h; path = BLEGadget.h; sourceTree = "<group>"; };
		87A0DE5616F80B1A005C7BFC /* BLEGadget.m */ = {isa = PBXFileReference; fileEncoding = 4; lastKnownFileType = sourcecode.c.objc; lineEnding = 0; path = BLEGadget.m; sourceTree = "<group>"; xcLanguageSpecificationIdentifier = xcode.lang.objc; };
		87A95614171EF8F20091D77F /* ComfortZoneViewController.h */ = {isa = PBXFileReference; fileEncoding = 4; lastKnownFileType = sourcecode.c.h; path = ComfortZoneViewController.h; sourceTree = "<group>"; };
		87A95615171EF8F20091D77F /* ComfortZoneViewController.m */ = {isa = PBXFileReference; fileEncoding = 4; lastKnownFileType = sourcecode.c.objc; lineEnding = 0; path = ComfortZoneViewController.m; sourceTree = "<group>"; xcLanguageSpecificationIdentifier = xcode.lang.objc; };
		87B1707118881B8B009ECAAF /* RHTPoint.h */ = {isa = PBXFileReference; fileEncoding = 4; lastKnownFileType = sourcecode.c.h; path = RHTPoint.h; sourceTree = "<group>"; };
		87B1707218881B8B009ECAAF /* RHTPoint.m */ = {isa = PBXFileReference; fileEncoding = 4; lastKnownFileType = sourcecode.c.objc; path = RHTPoint.m; sourceTree = "<group>"; };
		87B1707418891970009ECAAF /* SensirionDefaultTheme.h */ = {isa = PBXFileReference; fileEncoding = 4; lastKnownFileType = sourcecode.c.h; path = SensirionDefaultTheme.h; sourceTree = "<group>"; };
		87B1707518891970009ECAAF /* SensirionDefaultTheme.m */ = {isa = PBXFileReference; fileEncoding = 4; lastKnownFileType = sourcecode.c.objc; path = SensirionDefaultTheme.m; sourceTree = "<group>"; };
		87B17077188923AD009ECAAF /* Settings.h */ = {isa = PBXFileReference; fileEncoding = 4; lastKnownFileType = sourcecode.c.h; name = Settings.h; path = Persistence/Settings.h; sourceTree = "<group>"; };
		87B17078188923AD009ECAAF /* Settings.m */ = {isa = PBXFileReference; fileEncoding = 4; lastKnownFileType = sourcecode.c.objc; lineEnding = 0; name = Settings.m; path = Persistence/Settings.m; sourceTree = "<group>"; xcLanguageSpecificationIdentifier = xcode.lang.objc; };
		87B1707A188923CC009ECAAF /* Configuration.h */ = {isa = PBXFileReference; fileEncoding = 4; lastKnownFileType = sourcecode.c.h; path = Configuration.h; sourceTree = "<group>"; };
		87B1708118895FCF009ECAAF /* ConfigurationDataSource.h */ = {isa = PBXFileReference; lastKnownFileType = sourcecode.c.h; path = ConfigurationDataSource.h; sourceTree = "<group>"; };
		87B17082188960C5009ECAAF /* ConfigurationDataSource.m */ = {isa = PBXFileReference; fileEncoding = 4; lastKnownFileType = sourcecode.c.objc; lineEnding = 0; path = ConfigurationDataSource.m; sourceTree = "<group>"; xcLanguageSpecificationIdentifier = xcode.lang.objc; };
		87B1708418896407009ECAAF /* colors.h */ = {isa = PBXFileReference; lastKnownFileType = sourcecode.c.h; lineEnding = 0; path = colors.h; sourceTree = "<group>"; xcLanguageSpecificationIdentifier = xcode.lang.objcpp; };
		87B1708A188EA020009ECAAF /* PickyTextField.h */ = {isa = PBXFileReference; fileEncoding = 4; lastKnownFileType = sourcecode.c.h; path = PickyTextField.h; sourceTree = "<group>"; };
		87B1708B188EA020009ECAAF /* PickyTextField.m */ = {isa = PBXFileReference; fileEncoding = 4; lastKnownFileType = sourcecode.c.objc; lineEnding = 0; path = PickyTextField.m; sourceTree = "<group>"; xcLanguageSpecificationIdentifier = xcode.lang.objc; };
		87BC24F116E78F0700E125CE /* GadgetDetailsViewController.h */ = {isa = PBXFileReference; fileEncoding = 4; lastKnownFileType = sourcecode.c.h; path = GadgetDetailsViewController.h; sourceTree = "<group>"; };
		87BC24F216E78F0700E125CE /* GadgetDetailsViewController.m */ = {isa = PBXFileReference; fileEncoding = 4; lastKnownFileType = sourcecode.c.objc; lineEnding = 0; path = GadgetDetailsViewController.m; sourceTree = "<group>"; xcLanguageSpecificationIdentifier = xcode.lang.objc; };
		87BC24F416E792B700E125CE /* GadgetSelectViewController.h */ = {isa = PBXFileReference; fileEncoding = 4; lastKnownFileType = sourcecode.c.h; path = GadgetSelectViewController.h; sourceTree = "<group>"; };
		87BC24F516E792B700E125CE /* GadgetSelectViewController.m */ = {isa = PBXFileReference; fileEncoding = 4; lastKnownFileType = sourcecode.c.objc; lineEnding = 0; path = GadgetSelectViewController.m; sourceTree = "<group>"; xcLanguageSpecificationIdentifier = xcode.lang.objc; };
		87C52272172590D7005663CB /* SettingsViewController.h */ = {isa = PBXFileReference; fileEncoding = 4; lastKnownFileType = sourcecode.c.h; path = SettingsViewController.h; sourceTree = "<group>"; };
		87C52273172590D7005663CB /* SettingsViewController.m */ = {isa = PBXFileReference; fileEncoding = 4; lastKnownFileType = sourcecode.c.objc; path = SettingsViewController.m; sourceTree = "<group>"; };
		87C522761727B9FC005663CB /* en */ = {isa = PBXFileReference; lastKnownFileType = file.storyboard; name = en; path = en.lproj/SensibleStoryboard.storyboard; sourceTree = "<group>"; };
		87C5227C172A6310005663CB /* CoreData.framework */ = {isa = PBXFileReference; lastKnownFileType = wrapper.framework; name = CoreData.framework; path = System/Library/Frameworks/CoreData.framework; sourceTree = SDKROOT; };
		87C5227F172A637C005663CB /* sensible.xcdatamodel */ = {isa = PBXFileReference; lastKnownFileType = wrapper.xcdatamodel; path = sensible.xcdatamodel; sourceTree = "<group>"; };
		87C5228B172A9A6E005663CB /* GadgetDataRepository.h */ = {isa = PBXFileReference; fileEncoding = 4; lastKnownFileType = sourcecode.c.h; name = GadgetDataRepository.h; path = Persistence/GadgetDataRepository.h; sourceTree = "<group>"; };
		87C5228C172A9A6E005663CB /* GadgetDataRepository.m */ = {isa = PBXFileReference; fileEncoding = 4; lastKnownFileType = sourcecode.c.objc; name = GadgetDataRepository.m; path = Persistence/GadgetDataRepository.m; sourceTree = "<group>"; };
		87D0E40516F2AF2F00C2BDD1 /* AlertViewController.h */ = {isa = PBXFileReference; fileEncoding = 4; lastKnownFileType = sourcecode.c.h; path = AlertViewController.h; sourceTree = "<group>"; };
		87D0E40616F2AF2F00C2BDD1 /* AlertViewController.m */ = {isa = PBXFileReference; fileEncoding = 4; lastKnownFileType = sourcecode.c.objc; lineEnding = 0; path = AlertViewController.m; sourceTree = "<group>"; xcLanguageSpecificationIdentifier = xcode.lang.objc; };
		87DE7A8D1767667C008E814B /* comfortguide_background.png */ = {isa = PBXFileReference; lastKnownFileType = image.png; path = comfortguide_background.png; sourceTree = "<group>"; };
		87DE7B85176B2D59008E814B /* LogDataSelectViewController.h */ = {isa = PBXFileReference; fileEncoding = 4; lastKnownFileType = sourcecode.c.h; path = LogDataSelectViewController.h; sourceTree = "<group>"; };
		87DE7B86176B2D59008E814B /* LogDataSelectViewController.m */ = {isa = PBXFileReference; fileEncoding = 4; lastKnownFileType = sourcecode.c.objc; lineEnding = 0; path = LogDataSelectViewController.m; sourceTree = "<group>"; xcLanguageSpecificationIdentifier = xcode.lang.objc; };
		87EAD551171C66D2004B4B44 /* LogDataViewController.h */ = {isa = PBXFileReference; fileEncoding = 4; lastKnownFileType = sourcecode.c.h; path = LogDataViewController.h; sourceTree = "<group>"; };
		87EAD552171C66D2004B4B44 /* LogDataViewController.m */ = {isa = PBXFileReference; fileEncoding = 4; lastKnownFileType = sourcecode.c.objc; lineEnding = 0; path = LogDataViewController.m; sourceTree = "<group>"; xcLanguageSpecificationIdentifier = xcode.lang.objc; };
		87EAD554171DB39B004B4B44 /* connection_1.png */ = {isa = PBXFileReference; lastKnownFileType = image.png; path = connection_1.png; sourceTree = "<group>"; };
		87EAD555171DB39B004B4B44 /* connection_2.png */ = {isa = PBXFileReference; lastKnownFileType = image.png; path = connection_2.png; sourceTree = "<group>"; };
		87EAD556171DB39B004B4B44 /* connection_3.png */ = {isa = PBXFileReference; lastKnownFileType = image.png; path = connection_3.png; sourceTree = "<group>"; };
		87EAD557171DB39B004B4B44 /* connection_4.png */ = {isa = PBXFileReference; lastKnownFileType = image.png; path = connection_4.png; sourceTree = "<group>"; };
		87FA56C018A9348900964A3E /* sensible 2.xcdatamodel */ = {isa = PBXFileReference; lastKnownFileType = wrapper.xcdatamodel; path = "sensible 2.xcdatamodel"; sourceTree = "<group>"; };
		8D5FD885C2BAE212C842A508 /* Pods-smartgadgetapp.release.xcconfig */ = {isa = PBXFileReference; includeInIndex = 1; lastKnownFileType = text.xcconfig; name = "Pods-smartgadgetapp.release.xcconfig"; path = "Pods/Target Support Files/Pods-smartgadgetapp/Pods-smartgadgetapp.release.xcconfig"; sourceTree = "<group>"; };
		F973B55F85A5B3A02565D4A5 /* Pods-smartgadgetapp.debug.xcconfig */ = {isa = PBXFileReference; includeInIndex = 1; lastKnownFileType = text.xcconfig; name = "Pods-smartgadgetapp.debug.xcconfig"; path = "Pods/Target Support Files/Pods-smartgadgetapp/Pods-smartgadgetapp.debug.xcconfig"; sourceTree = "<group>"; };
/* End PBXFileReference section */

/* Begin PBXFrameworksBuildPhase section */
		486DCBEE16075134009B1207 /* Frameworks */ = {
			isa = PBXFrameworksBuildPhase;
			buildActionMask = 2147483647;
			files = (
				47C583FE1AC413CF00649783 /* MBProgressHUD.framework in Frameworks */,
				4724EB441AC048730007DE67 /* Realm.framework in Frameworks */,
				4724EB421AC0486D0007DE67 /* CorePlot.framework in Frameworks */,
				872760C9189A8804003076E6 /* Accelerate.framework in Frameworks */,
				4824EB571608BA6100C866B9 /* CoreBluetooth.framework in Frameworks */,
				87C5227D172A6310005663CB /* CoreData.framework in Frameworks */,
				486DCBFA16075134009B1207 /* CoreGraphics.framework in Frameworks */,
				486DCBF816075134009B1207 /* Foundation.framework in Frameworks */,
				4824EB651609BD3900C866B9 /* QuartzCore.framework in Frameworks */,
				486DCBF616075134009B1207 /* UIKit.framework in Frameworks */,
				826CC6FCDAC1B467FB0A9943 /* Pods_smartgadgetapp.framework in Frameworks */,
			);
			runOnlyForDeploymentPostprocessing = 0;
		};
/* End PBXFrameworksBuildPhase section */

/* Begin PBXGroup section */
		1D7B30D0184681B5006821CF /* Views */ = {
			isa = PBXGroup;
			children = (
				1D7D19501848C24900CC78B5 /* AxisView.h */,
				1D7D19511848C24900CC78B5 /* AxisView.m */,
				1D7D19521848C24900CC78B5 /* GraphView.h */,
				1D7D19531848C24900CC78B5 /* GraphView.m */,
				1D7D19541848C24900CC78B5 /* GridView.h */,
				1D7D19551848C24900CC78B5 /* GridView.m */,
				1D7D19561848C24900CC78B5 /* IndicatorView.h */,
				1D7D19571848C24900CC78B5 /* IndicatorView.m */,
				87B1708A188EA020009ECAAF /* PickyTextField.h */,
				87B1708B188EA020009ECAAF /* PickyTextField.m */,
				1D7D19581848C24900CC78B5 /* SensiButton.h */,
				1D7D19591848C24900CC78B5 /* SensiButton.m */,
			);
			path = Views;
			sourceTree = "<group>";
		};
		1D7B30D1184752B2006821CF /* Configuration */ = {
			isa = PBXGroup;
			children = (
				87B1707A188923CC009ECAAF /* Configuration.h */,
				87B1708118895FCF009ECAAF /* ConfigurationDataSource.h */,
				87B17082188960C5009ECAAF /* ConfigurationDataSource.m */,
				87B1707118881B8B009ECAAF /* RHTPoint.h */,
				87B1707218881B8B009ECAAF /* RHTPoint.m */,
				1D1D988D1858CE3E00F0C160 /* strings.h */,
				87B1708418896407009ECAAF /* colors.h */,
			);
			path = Configuration;
			sourceTree = "<group>";
		};
		1D7D19621848C32300CC78B5 /* Themes */ = {
			isa = PBXGroup;
			children = (
				87B1707418891970009ECAAF /* SensirionDefaultTheme.h */,
				87B1707518891970009ECAAF /* SensirionDefaultTheme.m */,
				1D7D19661848C34700CC78B5 /* SensirionGraphTheme.h */,
				1D7D19671848C34700CC78B5 /* SensirionGraphTheme.m */,
			);
			path = Themes;
			sourceTree = "<group>";
		};
		297B7687D1D9B2A413525D76 /* Services */ = {
			isa = PBXGroup;
			children = (
				297B7C88443784592187C040 /* BleService.m */,
				297B72E70A3FD2309BB3CEC0 /* BleService.h */,
				297B7EFF2455C0CB384078A2 /* HumiService.h */,
				297B7800100E9AE3329BA983 /* Generic */,
				297B7A09AA1320DADBE9E673 /* Sensirion */,
				297B7D4A7488E8C137B42AA9 /* TexasInstruments */,
				297B7E8CCB515B99FADFEA19 /* LogServiceDelegate.h */,
				297B7E26BD76441304215DCE /* LogService.h */,
			);
			path = Services;
			sourceTree = "<group>";
		};
		297B769ADB2FD7BD26893BDF /* Shtc1 */ = {
			isa = PBXGroup;
			children = (
				297B71AED5BFC3193F48A5E6 /* Shtc1RhtService.m */,
				297B7F1C50E981060644D888 /* Shtc1RhtService.h */,
				297B71FFE9CD1BD9737FC8E9 /* Shtc1GadgetSettingsService.m */,
				297B7255A3612E9363428BA8 /* Shtc1GadgetSettingsService.h */,
				297B7C428A5B08059C7B2D1D /* Shtc1LoggerService.m */,
				297B7206496A7374BB75A9FF /* Shtc1LoggerService.h */,
			);
			path = Shtc1;
			sourceTree = "<group>";
		};
		297B7751BD600C5CA8BF2AB5 /* Smartgadget */ = {
			isa = PBXGroup;
			children = (
				297B72DA759F4E2CCDB54640 /* SmartgadgetHumidityService.m */,
				297B7BE73835C39F1458489A /* SmartgadgetHumidityService.h */,
				297B7AAF8813E715944539B9 /* SmartgadgetTemperatureService.m */,
				297B7C653E76EA600320223D /* SmartgadgetTemperatureService.h */,
				297B7D445029A6534589B380 /* SmartgadgetHistoryService.m */,
				297B713CBFFFA274C34E4384 /* SmartgadgetHistoryService.h */,
				297B7ADAFE3CAD8E7EFDCBFF /* SmartgadgetHumiService.h */,
			);
			path = Smartgadget;
			sourceTree = "<group>";
		};
		297B7800100E9AE3329BA983 /* Generic */ = {
			isa = PBXGroup;
			children = (
				297B76A394CC8F112AD676F0 /* BatteryService.m */,
				297B72E3C5945E6F24DB9F6C /* BatteryService.h */,
				297B7EC7DE399E98ACAF46C2 /* DeviceInfoService.m */,
				297B712AD472301902B55BAE /* DeviceInfoService.h */,
			);
			path = Generic;
			sourceTree = "<group>";
		};
		297B78EF4B0D1064CA2C1352 /* SensorTag */ = {
			isa = PBXGroup;
			children = (
				297B72E0E9B4BFAB5685E990 /* SensorTagHumiService.m */,
				297B7B32740F2252A4D98158 /* SensorTagHumiService.h */,
			);
			path = SensorTag;
			sourceTree = "<group>";
		};
		297B7A09AA1320DADBE9E673 /* Sensirion */ = {
			isa = PBXGroup;
			children = (
				297B769ADB2FD7BD26893BDF /* Shtc1 */,
				297B7751BD600C5CA8BF2AB5 /* Smartgadget */,
			);
			path = Sensirion;
			sourceTree = "<group>";
		};
		297B7D4A7488E8C137B42AA9 /* TexasInstruments */ = {
			isa = PBXGroup;
			children = (
				297B78EF4B0D1064CA2C1352 /* SensorTag */,
			);
			path = TexasInstruments;
			sourceTree = "<group>";
		};
		4824EB6A160B00BC00C866B9 /* Resources */ = {
			isa = PBXGroup;
			children = (
				4824EB6B160B00BC00C866B9 /* Images */,
				87C5227E172A637C005663CB /* sensible.xcdatamodeld */,
				8777AC4517218816002B9DFB /* SensirionSimple.ttf */,
			);
			path = Resources;
			sourceTree = "<group>";
		};
		4824EB6B160B00BC00C866B9 /* Images */ = {
			isa = PBXGroup;
			children = (
				1D97B5901876E3270064DA89 /* Icon_Comfort_29x29.png */,
				1D97B5911876E3270064DA89 /* Icon_Comfort_58x58.png */,
				1D97B5921876E3270064DA89 /* Icon_Comfort_80x80.png */,
				1D97B5931876E3270064DA89 /* Icon_Comfort_120x120.png */,
				1DD93221185F82F500B7A030 /* ICONS_dark_clock@2x.png */,
				1DD93222185F82F500B7A030 /* ICONS_dark_Dashboard.png */,
				1D1D98891858B78300F0C160 /* ICONS_dark_H@2x.png */,
				1D1D988A1858B78300F0C160 /* ICONS_dark_T@2x.png */,
				1D7B30C8184675A0006821CF /* Close_white@2x.png */,
				1D7B30C9184675A0006821CF /* Comfort_white@2x.png */,
				1D7B30CA184675A0006821CF /* Dashboard_white@2x.png */,
				1D7B30CB184675A0006821CF /* Settings_white@2x.png */,
				4769E9DE1A7BD96200A8FAB1 /* ICONS_dark_DP@2x.png */,
				4769E9DF1A7BD96200A8FAB1 /* ICONS_dark_HI@2x.png */,
				4769E9E01A7BD96200A8FAB1 /* ICONS_dark_DP.png */,
				4769E9E11A7BD96200A8FAB1 /* ICONS_dark_HI.png */,
				1D7B30C618467483006821CF /* History_white@2x.png */,
				870687AA173D047C00637267 /* Humidity_white@2x.png */,
				870687A9173D047C00637267 /* Temperature_white@2x.png */,
				870687931738FE4F00637267 /* Time_white@2x.png */,
				8777AC3C171FE1EE002B9DFB /* comfortguide_background@2x.png */,
				87DE7A8D1767667C008E814B /* comfortguide_background.png */,
				1D1D98731858B5A800F0C160 /* ICONS_dark_clock.png */,
				1D1D98741858B5A800F0C160 /* ICONS_dark_H.png */,
				1D1D98751858B5A800F0C160 /* ICONS_dark_T.png */,
				87EAD554171DB39B004B4B44 /* connection_1.png */,
				87EAD555171DB39B004B4B44 /* connection_2.png */,
				87EAD556171DB39B004B4B44 /* connection_3.png */,
				87EAD557171DB39B004B4B44 /* connection_4.png */,
				486540C9169C0F9B00925225 /* Default-568h@2x.png */,
				48B953411626EC0E006F0E45 /* Default.png */,
				48B953431626EC0E006F0E45 /* Default@2x.png */,
				8777AC431721498C002B9DFB /* grid_background.png */,
				48B9532A1626BE70006F0E45 /* Icon_Comfort_57x57.png */,
				48B9532B1626BE70006F0E45 /* Icon_Comfort_114x114.png */,
			);
			path = Images;
			sourceTree = "<group>";
		};
		4824EB6E160B035300C866B9 /* Classes */ = {
			isa = PBXGroup;
			children = (
				4824EB6F160B035300C866B9 /* AppDelegate */,
				1D7B30D1184752B2006821CF /* Configuration */,
				4824EB72160B035300C866B9 /* Controllers */,
				4824EB7C160B035300C866B9 /* Peripheral */,
				87C52284172A844D005663CB /* Persistence */,
				1D7D19621848C32300CC78B5 /* Themes */,
				1D7B30D0184681B5006821CF /* Views */,
				4824EB90160B050E00C866B9 /* main.m */,
				4824EB75160B035300C866B9 /* InfoPlist.strings */,
				87C522751727B9FC005663CB /* SensibleStoryboard.storyboard */,
			);
			path = Classes;
			sourceTree = "<group>";
		};
		4824EB6F160B035300C866B9 /* AppDelegate */ = {
			isa = PBXGroup;
			children = (
				4824EB70160B035300C866B9 /* AppDelegate.h */,
				4824EB71160B035300C866B9 /* AppDelegate.m */,
			);
			path = AppDelegate;
			sourceTree = "<group>";
		};
		4824EB72160B035300C866B9 /* Controllers */ = {
			isa = PBXGroup;
			children = (
				1D40F80318578A6300A704F8 /* AboutController.h */,
				1D40F80418578A6300A704F8 /* AboutController.m */,
				87D0E40516F2AF2F00C2BDD1 /* AlertViewController.h */,
				87D0E40616F2AF2F00C2BDD1 /* AlertViewController.m */,
				870687AD173D0F1A00637267 /* AmbientViewController.h */,
				870687AE173D0F1B00637267 /* AmbientViewController.m */,
				87A95614171EF8F20091D77F /* ComfortZoneViewController.h */,
				87A95615171EF8F20091D77F /* ComfortZoneViewController.m */,
				870687A01739412700637267 /* DefineSettingsViewController.h */,
				870687A11739412800637267 /* DefineSettingsViewController.m */,
				87BC24F116E78F0700E125CE /* GadgetDetailsViewController.h */,
				87BC24F216E78F0700E125CE /* GadgetDetailsViewController.m */,
				87BC24F416E792B700E125CE /* GadgetSelectViewController.h */,
				87BC24F516E792B700E125CE /* GadgetSelectViewController.m */,
				87DE7B85176B2D59008E814B /* LogDataSelectViewController.h */,
				87DE7B86176B2D59008E814B /* LogDataSelectViewController.m */,
				87EAD551171C66D2004B4B44 /* LogDataViewController.h */,
				87EAD552171C66D2004B4B44 /* LogDataViewController.m */,
				870687851738DE1C00637267 /* SensiTabBarController.h */,
				870687861738DE1C00637267 /* SensiTabBarController.m */,
				87C52272172590D7005663CB /* SettingsViewController.h */,
				87C52273172590D7005663CB /* SettingsViewController.m */,
			);
			path = Controllers;
			sourceTree = "<group>";
		};
		4824EB7C160B035300C866B9 /* Peripheral */ = {
			isa = PBXGroup;
			children = (
				873CA07B170C53780043854E /* Properties */,
				484723CF1611D4E900BB1CAD /* BLEConnector.h */,
				484723D01611D4E900BB1CAD /* BLEConnector.m */,
				484723E41614563700BB1CAD /* BLEUtil.h */,
				484723E51614563700BB1CAD /* BLEUtil.m */,
				87A0DE5516F80B1A005C7BFC /* BLEGadget.h */,
				87A0DE5616F80B1A005C7BFC /* BLEGadget.m */,
				873CA08617140DFA0043854E /* GadgetNotificationDelegate.h */,
				297B7687D1D9B2A413525D76 /* Services */,
			);
			path = Peripheral;
			sourceTree = "<group>";
		};
		486DCBE616075134009B1207 = {
			isa = PBXGroup;
			children = (
				4824EB92160B054800C866B9 /* smartgadgetapp-Info.plist */,
				4824EB93160B054800C866B9 /* smartgadgetapp-Prefix.pch */,
				4824EB6E160B035300C866B9 /* Classes */,
				4824EB6A160B00BC00C866B9 /* Resources */,
				486DCBF416075134009B1207 /* Frameworks */,
				486DCBF216075134009B1207 /* Products */,
				71F94F4DA521F851F82800DD /* Pods */,
			);
			sourceTree = "<group>";
		};
		486DCBF216075134009B1207 /* Products */ = {
			isa = PBXGroup;
			children = (
				486DCBF116075134009B1207 /* smartgadgetapp.app */,
			);
			name = Products;
			sourceTree = "<group>";
		};
		486DCBF416075134009B1207 /* Frameworks */ = {
			isa = PBXGroup;
			children = (
				47C583FD1AC413CF00649783 /* MBProgressHUD.framework */,
				4724EB431AC048730007DE67 /* Realm.framework */,
				4724EB411AC0486D0007DE67 /* CorePlot.framework */,
				4720D9E01AC036A000E655DE /* libPods-smartgadgetapp-Realm.a */,
				4712DD531AB9A58E00BD22F7 /* libPods-smartgadgetapp.a */,
				4712DD511AB9A57B00BD22F7 /* libPods-smartgadgetapp-CorePlot.a */,
				872760C8189A8804003076E6 /* Accelerate.framework */,
				4824EB561608BA6100C866B9 /* CoreBluetooth.framework */,
				87C5227C172A6310005663CB /* CoreData.framework */,
				486DCBF916075134009B1207 /* CoreGraphics.framework */,
				486DCBF716075134009B1207 /* Foundation.framework */,
				4824EB641609BD3900C866B9 /* QuartzCore.framework */,
				486DCC1616075134009B1207 /* SenTestingKit.framework */,
				486DCBF516075134009B1207 /* UIKit.framework */,
				448983B56F6CBAED810FA66D /* Pods_smartgadgetapp.framework */,
			);
			name = Frameworks;
			sourceTree = "<group>";
		};
		71F94F4DA521F851F82800DD /* Pods */ = {
			isa = PBXGroup;
			children = (
				F973B55F85A5B3A02565D4A5 /* Pods-smartgadgetapp.debug.xcconfig */,
				8D5FD885C2BAE212C842A508 /* Pods-smartgadgetapp.release.xcconfig */,
			);
			name = Pods;
			sourceTree = "<group>";
		};
		873CA07B170C53780043854E /* Properties */ = {
			isa = PBXGroup;
			children = (
				873CA079170C536E0043854E /* BLEServiceProperty.h */,
				873CA078170C536E0043854E /* BLEServiceProperty.m */,
				873CA07C170C74DE0043854E /* BLEProperty.h */,
			);
			name = Properties;
			sourceTree = "<group>";
		};
		87C52284172A844D005663CB /* Persistence */ = {
			isa = PBXGroup;
			children = (
				8706877C172EB6AF00637267 /* GadgetData.h */,
				8706877D172EB6AF00637267 /* GadgetData.m */,
				87C5228B172A9A6E005663CB /* GadgetDataRepository.h */,
				87C5228C172A9A6E005663CB /* GadgetDataRepository.m */,
				8706877F172EB6BF00637267 /* MeasurementDataPoint.h */,
				87068780172EB6BF00637267 /* MeasurementDataPoint.m */,
				87B17077188923AD009ECAAF /* Settings.h */,
				87B17078188923AD009ECAAF /* Settings.m */,
			);
			name = Persistence;
			sourceTree = "<group>";
		};
/* End PBXGroup section */

/* Begin PBXNativeTarget section */
		486DCBF016075134009B1207 /* smartgadgetapp */ = {
			isa = PBXNativeTarget;
			buildConfigurationList = 486DCC2716075134009B1207 /* Build configuration list for PBXNativeTarget "smartgadgetapp" */;
			buildPhases = (
				141FA6529F44540C78B71170 /* [CP] Check Pods Manifest.lock */,
				486DCBED16075134009B1207 /* Sources */,
				486DCBEE16075134009B1207 /* Frameworks */,
				486DCBEF16075134009B1207 /* Resources */,
				741E961E43B3AFEA780B482B /* [CP] Copy Pods Resources */,
				59A0B66A7BFF636DF52E60C7 /* [CP] Embed Pods Frameworks */,
			);
			buildRules = (
			);
			dependencies = (
			);
			name = smartgadgetapp;
			productName = sensible;
			productReference = 486DCBF116075134009B1207 /* smartgadgetapp.app */;
			productType = "com.apple.product-type.application";
		};
/* End PBXNativeTarget section */

/* Begin PBXProject section */
		486DCBE816075134009B1207 /* Project object */ = {
			isa = PBXProject;
			attributes = {
				LastUpgradeCheck = 0610;
				ORGANIZATIONNAME = "Sensirion AG";
				TargetAttributes = {
					486DCBF016075134009B1207 = {
						DevelopmentTeam = HP8L68RC3Y;
					};
				};
			};
			buildConfigurationList = 486DCBEB16075134009B1207 /* Build configuration list for PBXProject "smartgadgetapp" */;
			compatibilityVersion = "Xcode 3.2";
			developmentRegion = English;
			hasScannedForEncodings = 0;
			knownRegions = (
				en,
			);
			mainGroup = 486DCBE616075134009B1207;
			productRefGroup = 486DCBF216075134009B1207 /* Products */;
			projectDirPath = "";
			projectRoot = "";
			targets = (
				486DCBF016075134009B1207 /* smartgadgetapp */,
			);
		};
/* End PBXProject section */

/* Begin PBXResourcesBuildPhase section */
		486DCBEF16075134009B1207 /* Resources */ = {
			isa = PBXResourcesBuildPhase;
			buildActionMask = 2147483647;
			files = (
				1D7B30CD184675A0006821CF /* Comfort_white@2x.png in Resources */,
				1D1D98781858B5A900F0C160 /* ICONS_dark_T.png in Resources */,
				4824EB86160B035300C866B9 /* InfoPlist.strings in Resources */,
				1DD93223185F82F500B7A030 /* ICONS_dark_clock@2x.png in Resources */,
				4769E9E21A7BD96200A8FAB1 /* ICONS_dark_DP@2x.png in Resources */,
				1D7B30CC184675A0006821CF /* Close_white@2x.png in Resources */,
				1D1D988B1858B78300F0C160 /* ICONS_dark_H@2x.png in Resources */,
				48B9532C1626BE70006F0E45 /* Icon_Comfort_57x57.png in Resources */,
				48B9532D1626BE70006F0E45 /* Icon_Comfort_114x114.png in Resources */,
				48B953441626EC0E006F0E45 /* Default.png in Resources */,
				48B953461626EC0E006F0E45 /* Default@2x.png in Resources */,
				486540CA169C0F9B00925225 /* Default-568h@2x.png in Resources */,
				4769E9E41A7BD96200A8FAB1 /* ICONS_dark_DP.png in Resources */,
				1D97B5961876E3270064DA89 /* Icon_Comfort_80x80.png in Resources */,
				1D1D98771858B5A900F0C160 /* ICONS_dark_H.png in Resources */,
				1D97B5941876E3270064DA89 /* Icon_Comfort_29x29.png in Resources */,
				87EAD558171DB39B004B4B44 /* connection_1.png in Resources */,
				87EAD559171DB39B004B4B44 /* connection_2.png in Resources */,
				87EAD55A171DB39B004B4B44 /* connection_3.png in Resources */,
				4769E9E31A7BD96200A8FAB1 /* ICONS_dark_HI@2x.png in Resources */,
				87EAD55B171DB39B004B4B44 /* connection_4.png in Resources */,
				1D97B5971876E3270064DA89 /* Icon_Comfort_120x120.png in Resources */,
				8777AC3D171FE1EE002B9DFB /* comfortguide_background@2x.png in Resources */,
				1D7B30CF184675A0006821CF /* Settings_white@2x.png in Resources */,
				8777AC441721498C002B9DFB /* grid_background.png in Resources */,
				1D1D988C1858B78300F0C160 /* ICONS_dark_T@2x.png in Resources */,
				8777AC4617218816002B9DFB /* SensirionSimple.ttf in Resources */,
				4769E9E51A7BD96200A8FAB1 /* ICONS_dark_HI.png in Resources */,
				1D7B30CE184675A0006821CF /* Dashboard_white@2x.png in Resources */,
				87C522771727B9FC005663CB /* SensibleStoryboard.storyboard in Resources */,
				8706879F1738FE4F00637267 /* Time_white@2x.png in Resources */,
				1D7B30C718467483006821CF /* History_white@2x.png in Resources */,
				870687AB173D047D00637267 /* Temperature_white@2x.png in Resources */,
				870687AC173D047D00637267 /* Humidity_white@2x.png in Resources */,
				1D97B5951876E3270064DA89 /* Icon_Comfort_58x58.png in Resources */,
				1DD93224185F82F500B7A030 /* ICONS_dark_Dashboard.png in Resources */,
				87DE7A8E1767667C008E814B /* comfortguide_background.png in Resources */,
				1D1D98761858B5A900F0C160 /* ICONS_dark_clock.png in Resources */,
			);
			runOnlyForDeploymentPostprocessing = 0;
		};
/* End PBXResourcesBuildPhase section */

/* Begin PBXShellScriptBuildPhase section */
		141FA6529F44540C78B71170 /* [CP] Check Pods Manifest.lock */ = {
			isa = PBXShellScriptBuildPhase;
			buildActionMask = 2147483647;
			files = (
			);
			inputPaths = (
			);
			name = "[CP] Check Pods Manifest.lock";
			outputPaths = (
			);
			runOnlyForDeploymentPostprocessing = 0;
			shellPath = /bin/sh;
			shellScript = "diff \"${PODS_ROOT}/../Podfile.lock\" \"${PODS_ROOT}/Manifest.lock\" > /dev/null\nif [[ $? != 0 ]] ; then\n    cat << EOM\nerror: The sandbox is not in sync with the Podfile.lock. Run 'pod install' or update your CocoaPods installation.\nEOM\n    exit 1\nfi\n";
			showEnvVarsInLog = 0;
		};
		59A0B66A7BFF636DF52E60C7 /* [CP] Embed Pods Frameworks */ = {
			isa = PBXShellScriptBuildPhase;
			buildActionMask = 2147483647;
			files = (
			);
			inputPaths = (
			);
			name = "[CP] Embed Pods Frameworks";
			outputPaths = (
			);
			runOnlyForDeploymentPostprocessing = 0;
			shellPath = /bin/sh;
			shellScript = "\"${SRCROOT}/Pods/Target Support Files/Pods-smartgadgetapp/Pods-smartgadgetapp-frameworks.sh\"\n";
			showEnvVarsInLog = 0;
		};
		741E961E43B3AFEA780B482B /* [CP] Copy Pods Resources */ = {
			isa = PBXShellScriptBuildPhase;
			buildActionMask = 2147483647;
			files = (
			);
			inputPaths = (
			);
			name = "[CP] Copy Pods Resources";
			outputPaths = (
			);
			runOnlyForDeploymentPostprocessing = 0;
			shellPath = /bin/sh;
			shellScript = "\"${SRCROOT}/Pods/Target Support Files/Pods-smartgadgetapp/Pods-smartgadgetapp-resources.sh\"\n";
			showEnvVarsInLog = 0;
		};
/* End PBXShellScriptBuildPhase section */

/* Begin PBXSourcesBuildPhase section */
		486DCBED16075134009B1207 /* Sources */ = {
			isa = PBXSourcesBuildPhase;
			buildActionMask = 2147483647;
			files = (
				87B1708C188EA020009ECAAF /* PickyTextField.m in Sources */,
				4824EB84160B035300C866B9 /* AppDelegate.m in Sources */,
				4824EB91160B050E00C866B9 /* main.m in Sources */,
				484723D11611D4E900BB1CAD /* BLEConnector.m in Sources */,
				484723E61614563700BB1CAD /* BLEUtil.m in Sources */,
				87BC24F316E78F0700E125CE /* GadgetDetailsViewController.m in Sources */,
				87BC24F616E792B700E125CE /* GadgetSelectViewController.m in Sources */,
				87D0E40716F2AF2F00C2BDD1 /* AlertViewController.m in Sources */,
				87A0DE5716F80B1A005C7BFC /* BLEGadget.m in Sources */,
				873CA07A170C536E0043854E /* BLEServiceProperty.m in Sources */,
				87EAD553171C66D2004B4B44 /* LogDataViewController.m in Sources */,
				87A95616171EF8F20091D77F /* ComfortZoneViewController.m in Sources */,
				87C52274172590D7005663CB /* SettingsViewController.m in Sources */,
				87C52280172A637C005663CB /* sensible.xcdatamodeld in Sources */,
				87C5228D172A9A6E005663CB /* GadgetDataRepository.m in Sources */,
				87B1707618891970009ECAAF /* SensirionDefaultTheme.m in Sources */,
				8706877E172EB6AF00637267 /* GadgetData.m in Sources */,
				87068781172EB6BF00637267 /* MeasurementDataPoint.m in Sources */,
				1D7D195E1848C24900CC78B5 /* SensiButton.m in Sources */,
				1D7D195C1848C24900CC78B5 /* GridView.m in Sources */,
				870687871738DE1C00637267 /* SensiTabBarController.m in Sources */,
				1D40F80618578A6300A704F8 /* AboutController.m in Sources */,
				870687A21739412900637267 /* DefineSettingsViewController.m in Sources */,
				870687AF173D0F1D00637267 /* AmbientViewController.m in Sources */,
				87B1707318881B8B009ECAAF /* RHTPoint.m in Sources */,
				1D7D195A1848C24900CC78B5 /* AxisView.m in Sources */,
				1D7D195B1848C24900CC78B5 /* GraphView.m in Sources */,
				87B17079188923AD009ECAAF /* Settings.m in Sources */,
				87B17083188960C5009ECAAF /* ConfigurationDataSource.m in Sources */,
				1D7D19681848C34700CC78B5 /* SensirionGraphTheme.m in Sources */,
				1D7D195D1848C24900CC78B5 /* IndicatorView.m in Sources */,
				87DE7B87176B2D5A008E814B /* LogDataSelectViewController.m in Sources */,
				297B72D940CB5C3BEB14BA8D /* BleService.m in Sources */,
				297B7038D024FDF088F47525 /* BatteryService.m in Sources */,
				297B7145F80371FAAD68A9B1 /* DeviceInfoService.m in Sources */,
				297B72F5FE3AE73B93996056 /* Shtc1RhtService.m in Sources */,
				297B7716589D9EEA0206EF6D /* Shtc1GadgetSettingsService.m in Sources */,
				297B720FD4DFF2B0132593C5 /* Shtc1LoggerService.m in Sources */,
				297B72469E61CF9BA3411D37 /* SmartgadgetHumidityService.m in Sources */,
				297B76BB4DF1710574311AB0 /* SmartgadgetTemperatureService.m in Sources */,
				297B7C04C1A4AC9E169F76EE /* SensorTagHumiService.m in Sources */,
				297B7BB0A5780834DC5B72D2 /* SmartgadgetHistoryService.m in Sources */,
			);
			runOnlyForDeploymentPostprocessing = 0;
		};
/* End PBXSourcesBuildPhase section */

/* Begin PBXVariantGroup section */
		4824EB75160B035300C866B9 /* InfoPlist.strings */ = {
			isa = PBXVariantGroup;
			children = (
				4824EB76160B035300C866B9 /* en */,
			);
			name = InfoPlist.strings;
			sourceTree = "<group>";
		};
		87C522751727B9FC005663CB /* SensibleStoryboard.storyboard */ = {
			isa = PBXVariantGroup;
			children = (
				87C522761727B9FC005663CB /* en */,
			);
			name = SensibleStoryboard.storyboard;
			sourceTree = "<group>";
		};
/* End PBXVariantGroup section */

/* Begin XCBuildConfiguration section */
		486DCC2516075134009B1207 /* Debug */ = {
			isa = XCBuildConfiguration;
			baseConfigurationReference = F973B55F85A5B3A02565D4A5 /* Pods-smartgadgetapp.debug.xcconfig */;
			buildSettings = {
				CLANG_CXX_LANGUAGE_STANDARD = "gnu++0x";
				CLANG_ENABLE_OBJC_ARC = YES;
				CLANG_WARN_BOOL_CONVERSION = YES;
				CLANG_WARN_CONSTANT_CONVERSION = YES;
				CLANG_WARN_EMPTY_BODY = YES;
				CLANG_WARN_ENUM_CONVERSION = YES;
				CLANG_WARN_INT_CONVERSION = YES;
				CLANG_WARN__DUPLICATE_METHOD_MATCH = YES;
				CODE_SIGN_IDENTITY = "iPhone Developer";
				"CODE_SIGN_IDENTITY[sdk=iphoneos*]" = "iPhone Developer: Apps Sensirion (SWJLP9V4TL)";
				COPY_PHASE_STRIP = NO;
				GCC_C_LANGUAGE_STANDARD = gnu99;
				GCC_DYNAMIC_NO_PIC = NO;
				GCC_OPTIMIZATION_LEVEL = 0;
				GCC_PREPROCESSOR_DEFINITIONS = (
					"DEBUG=1",
					"$(inherited)",
				);
				GCC_SYMBOLS_PRIVATE_EXTERN = NO;
				GCC_VERSION = "";
				GCC_WARN_64_TO_32_BIT_CONVERSION = YES;
				GCC_WARN_ABOUT_RETURN_TYPE = YES;
				GCC_WARN_UNDECLARED_SELECTOR = YES;
				GCC_WARN_UNINITIALIZED_AUTOS = YES;
				GCC_WARN_UNUSED_FUNCTION = YES;
				GCC_WARN_UNUSED_VARIABLE = YES;
				IPHONEOS_DEPLOYMENT_TARGET = 7.1;
				ONLY_ACTIVE_ARCH = YES;
				SDKROOT = iphoneos;
				SEPARATE_STRIP = NO;
				TARGETED_DEVICE_FAMILY = 1;
			};
			name = Debug;
		};
		486DCC2616075134009B1207 /* Release */ = {
			isa = XCBuildConfiguration;
			buildSettings = {
				CLANG_CXX_LANGUAGE_STANDARD = "gnu++0x";
				CLANG_ENABLE_OBJC_ARC = YES;
				CLANG_WARN_BOOL_CONVERSION = YES;
				CLANG_WARN_CONSTANT_CONVERSION = YES;
				CLANG_WARN_EMPTY_BODY = YES;
				CLANG_WARN_ENUM_CONVERSION = YES;
				CLANG_WARN_INT_CONVERSION = YES;
				CLANG_WARN__DUPLICATE_METHOD_MATCH = YES;
				CODE_SIGN_IDENTITY = "iPhone Distribution";
				"CODE_SIGN_IDENTITY[sdk=iphoneos*]" = "iPhone Distribution: Sensirion AG (HP8L68RC3Y)";
				COPY_PHASE_STRIP = YES;
				GCC_C_LANGUAGE_STANDARD = gnu99;
				GCC_VERSION = "";
				GCC_WARN_64_TO_32_BIT_CONVERSION = YES;
				GCC_WARN_ABOUT_RETURN_TYPE = YES;
				GCC_WARN_UNDECLARED_SELECTOR = YES;
				GCC_WARN_UNINITIALIZED_AUTOS = YES;
				GCC_WARN_UNUSED_FUNCTION = YES;
				GCC_WARN_UNUSED_VARIABLE = YES;
				IPHONEOS_DEPLOYMENT_TARGET = 7.1;
				ONLY_ACTIVE_ARCH = NO;
				OTHER_CFLAGS = "-DNS_BLOCK_ASSERTIONS=1";
				SDKROOT = iphoneos;
				SEPARATE_STRIP = NO;
				TARGETED_DEVICE_FAMILY = 1;
				VALIDATE_PRODUCT = YES;
			};
			name = Release;
		};
		486DCC2816075134009B1207 /* Debug */ = {
			isa = XCBuildConfiguration;
			baseConfigurationReference = F973B55F85A5B3A02565D4A5 /* Pods-smartgadgetapp.debug.xcconfig */;
			buildSettings = {
				CODE_SIGN_IDENTITY = "iPhone Developer";
				FRAMEWORK_SEARCH_PATHS = (
					"$(inherited)",
					"$(PROJECT_DIR)/build/Debug-iphoneos/Pods-smartgadgetapp",
				);
				GCC_PRECOMPILE_PREFIX_HEADER = YES;
				GCC_PREFIX_HEADER = "smartgadgetapp-Prefix.pch";
				INFOPLIST_FILE = "smartgadgetapp-Info.plist";
				IPHONEOS_DEPLOYMENT_TARGET = 8.0;
				LIBRARY_SEARCH_PATHS = (
					"$(inherited)",
					"$(SRCROOT)",
					"$(PROJECT_DIR)/build/Debug-iphoneos",
				);
				ONLY_ACTIVE_ARCH = YES;
				"OTHER_LDFLAGS[arch=*]" = "-ObjC";
				PRODUCT_NAME = smartgadgetapp;
				STRIP_INSTALLED_PRODUCT = NO;
				TARGETED_DEVICE_FAMILY = 1;
				VALID_ARCHS = "arm64 armv7 armv7s";
				WRAPPER_EXTENSION = app;
			};
			name = Debug;
		};
		486DCC2916075134009B1207 /* Release */ = {
			isa = XCBuildConfiguration;
			baseConfigurationReference = 8D5FD885C2BAE212C842A508 /* Pods-smartgadgetapp.release.xcconfig */;
			buildSettings = {
				CODE_SIGN_IDENTITY = "iPhone Developer";
				FRAMEWORK_SEARCH_PATHS = (
					"$(inherited)",
					"$(PROJECT_DIR)/build/Debug-iphoneos/Pods-smartgadgetapp",
				);
				GCC_PRECOMPILE_PREFIX_HEADER = YES;
				GCC_PREFIX_HEADER = "smartgadgetapp-Prefix.pch";
				INFOPLIST_FILE = "smartgadgetapp-Info.plist";
				IPHONEOS_DEPLOYMENT_TARGET = 8.0;
				LIBRARY_SEARCH_PATHS = (
					"$(inherited)",
					"$(SRCROOT)",
					"$(PROJECT_DIR)/build/Debug-iphoneos",
				);
				ONLY_ACTIVE_ARCH = NO;
				"OTHER_LDFLAGS[arch=*]" = "-ObjC";
				PRODUCT_NAME = smartgadgetapp;
				STRIP_INSTALLED_PRODUCT = YES;
				TARGETED_DEVICE_FAMILY = 1;
				VALID_ARCHS = "arm64 armv7 armv7s";
				WRAPPER_EXTENSION = app;
			};
			name = Release;
		};
/* End XCBuildConfiguration section */

/* Begin XCConfigurationList section */
		486DCBEB16075134009B1207 /* Build configuration list for PBXProject "smartgadgetapp" */ = {
			isa = XCConfigurationList;
			buildConfigurations = (
				486DCC2516075134009B1207 /* Debug */,
				486DCC2616075134009B1207 /* Release */,
			);
			defaultConfigurationIsVisible = 0;
			defaultConfigurationName = Debug;
		};
		486DCC2716075134009B1207 /* Build configuration list for PBXNativeTarget "smartgadgetapp" */ = {
			isa = XCConfigurationList;
			buildConfigurations = (
				486DCC2816075134009B1207 /* Debug */,
				486DCC2916075134009B1207 /* Release */,
			);
			defaultConfigurationIsVisible = 0;
			defaultConfigurationName = Debug;
		};
/* End XCConfigurationList section */

/* Begin XCVersionGroup section */
		87C5227E172A637C005663CB /* sensible.xcdatamodeld */ = {
			isa = XCVersionGroup;
			children = (
				87FA56C018A9348900964A3E /* sensible 2.xcdatamodel */,
				87C5227F172A637C005663CB /* sensible.xcdatamodel */,
			);
			currentVersion = 87FA56C018A9348900964A3E /* sensible 2.xcdatamodel */;
			path = sensible.xcdatamodeld;
			sourceTree = "<group>";
			versionGroupType = wrapper.xcdatamodel;
		};
/* End XCVersionGroup section */
	};
	rootObject = 486DCBE816075134009B1207 /* Project object */;
}
